
Microsoft Visual Studio Solution File, Format Version 12.00
# Visual Studio Version 16
VisualStudioVersion = 16.0.30128.74
MinimumVisualStudioVersion = 10.0.40219.1
Project("{FAE04EC0-301F-11D3-BF4B-00C04F79EFBC}") = "WpfServer", "WpfServer\WpfServer.csproj", "{720C329C-9E5B-483D-AFEC-007A86995DF4}"
EndProject
Global
	GlobalSection(SolutionConfigurationPlatforms) = preSolution
		Debug|Any CPU = Debug|Any CPU
		Release|Any CPU = Release|Any CPU
	EndGlobalSection
	GlobalSection(ProjectConfigurationPlatforms) = postSolution
		{720C329C-9E5B-483D-AFEC-007A86995DF4}.Debug|Any CPU.ActiveCfg = Debug|Any CPU
		{720C329C-9E5B-483D-AFEC-007A86995DF4}.Debug|Any CPU.Build.0 = Debug|Any CPU
		{720C329C-9E5B-483D-AFEC-007A86995DF4}.Release|Any CPU.ActiveCfg = Release|Any CPU
		{720C329C-9E5B-483D-AFEC-007A86995DF4}.Release|Any CPU.Build.0 = Release|Any CPU
	EndGlobalSection
	GlobalSection(SolutionProperties) = preSolution
		HideSolutionNode = FALSE
	EndGlobalSection
	GlobalSection(ExtensibilityGlobals) = postSolution
		SolutionGuid = {90DD51B6-43FE-4C47-A2BA-07F7E2A6619E}
	EndGlobalSection
EndGlobal
